// !$*UTF8*$!
{
	archiveVersion = 1;
	classes = {
	};
	objectVersion = 46;
	objects = {

/* Begin PBXBuildFile section */
		C122DC2E1A6E35EA00AD5B00 /* main.m in Sources */ = {isa = PBXBuildFile; fileRef = C122DC2D1A6E35EA00AD5B00 /* main.m */; };
		C122DC311A6E35EA00AD5B00 /* AppDelegate.m in Sources */ = {isa = PBXBuildFile; fileRef = C122DC301A6E35EA00AD5B00 /* AppDelegate.m */; };
		C122DC341A6E35EA00AD5B00 /* ViewController.m in Sources */ = {isa = PBXBuildFile; fileRef = C122DC331A6E35EA00AD5B00 /* ViewController.m */; };
		C122DC371A6E35EA00AD5B00 /* Main.storyboard in Resources */ = {isa = PBXBuildFile; fileRef = C122DC351A6E35EA00AD5B00 /* Main.storyboard */; };
		C122DC391A6E35EA00AD5B00 /* Images.xcassets in Resources */ = {isa = PBXBuildFile; fileRef = C122DC381A6E35EA00AD5B00 /* Images.xcassets */; };
		C122DC3C1A6E35EA00AD5B00 /* LaunchScreen.xib in Resources */ = {isa = PBXBuildFile; fileRef = C122DC3A1A6E35EA00AD5B00 /* LaunchScreen.xib */; };
		C122DC481A6E35EA00AD5B00 /* practiceTableTests.m in Sources */ = {isa = PBXBuildFile; fileRef = C122DC471A6E35EA00AD5B00 /* practiceTableTests.m */; };
		C122DC531A6E3B1300AD5B00 /* SecondViewController.m in Sources */ = {isa = PBXBuildFile; fileRef = C122DC521A6E3B1300AD5B00 /* SecondViewController.m */; };
/* End PBXBuildFile section */

/* Begin PBXContainerItemProxy section */
		C122DC421A6E35EA00AD5B00 /* PBXContainerItemProxy */ = {
			isa = PBXContainerItemProxy;
			containerPortal = C122DC201A6E35EA00AD5B00 /* Project object */;
			proxyType = 1;
			remoteGlobalIDString = C122DC271A6E35EA00AD5B00;
			remoteInfo = practiceTable;
		};
/* End PBXContainerItemProxy section */

/* Begin PBXFileReference section */
		C122DC281A6E35EA00AD5B00 /* practiceTable.app */ = {isa = PBXFileReference; explicitFileType = wrapper.application; includeInIndex = 0; path = practiceTable.app; sourceTree = BUILT_PRODUCTS_DIR; };
		C122DC2C1A6E35EA00AD5B00 /* Info.plist */ = {isa = PBXFileReference; lastKnownFileType = text.plist.xml; path = Info.plist; sourceTree = "<group>"; };
		C122DC2D1A6E35EA00AD5B00 /* main.m */ = {isa = PBXFileReference; lastKnownFileType = sourcecode.c.objc; path = main.m; sourceTree = "<group>"; };
		C122DC2F1A6E35EA00AD5B00 /* AppDelegate.h */ = {isa = PBXFileReference; lastKnownFileType = sourcecode.c.h; path = AppDelegate.h; sourceTree = "<group>"; };
		C122DC301A6E35EA00AD5B00 /* AppDelegate.m */ = {isa = PBXFileReference; lastKnownFileType = sourcecode.c.objc; path = AppDelegate.m; sourceTree = "<group>"; };
		C122DC321A6E35EA00AD5B00 /* ViewController.h */ = {isa = PBXFileReference; lastKnownFileType = sourcecode.c.h; path = ViewController.h; sourceTree = "<group>"; };
		C122DC331A6E35EA00AD5B00 /* ViewController.m */ = {isa = PBXFileReference; lastKnownFileType = sourcecode.c.objc; path = ViewController.m; sourceTree = "<group>"; };
		C122DC361A6E35EA00AD5B00 /* Base */ = {isa = PBXFileReference; lastKnownFileType = file.storyboard; name = Base; path = Base.lproj/Main.storyboard; sourceTree = "<group>"; };
		C122DC381A6E35EA00AD5B00 /* Images.xcassets */ = {isa = PBXFileReference; lastKnownFileType = folder.assetcatalog; path = Images.xcassets; sourceTree = "<group>"; };
		C122DC3B1A6E35EA00AD5B00 /* Base */ = {isa = PBXFileReference; lastKnownFileType = file.xib; name = Base; path = Base.lproj/LaunchScreen.xib; sourceTree = "<group>"; };
		C122DC411A6E35EA00AD5B00 /* practiceTableTests.xctest */ = {isa = PBXFileReference; explicitFileType = wrapper.cfbundle; includeInIndex = 0; path = practiceTableTests.xctest; sourceTree = BUILT_PRODUCTS_DIR; };
		C122DC461A6E35EA00AD5B00 /* Info.plist */ = {isa = PBXFileReference; lastKnownFileType = text.plist.xml; path = Info.plist; sourceTree = "<group>"; };
		C122DC471A6E35EA00AD5B00 /* practiceTableTests.m */ = {isa = PBXFileReference; lastKnownFileType = sourcecode.c.objc; path = practiceTableTests.m; sourceTree = "<group>"; };
		C122DC511A6E3B1300AD5B00 /* SecondViewController.h */ = {isa = PBXFileReference; fileEncoding = 4; lastKnownFileType = sourcecode.c.h; path = SecondViewController.h; sourceTree = "<group>"; };
		C122DC521A6E3B1300AD5B00 /* SecondViewController.m */ = {isa = PBXFileReference; fileEncoding = 4; lastKnownFileType = sourcecode.c.objc; path = SecondViewController.m; sourceTree = "<group>"; };
/* End PBXFileReference section */

/* Begin PBXFrameworksBuildPhase section */
		C122DC251A6E35EA00AD5B00 /* Frameworks */ = {
			isa = PBXFrameworksBuildPhase;
			buildActionMask = 2147483647;
			files = (
			);
			runOnlyForDeploymentPostprocessing = 0;
		};
		C122DC3E1A6E35EA00AD5B00 /* Frameworks */ = {
			isa = PBXFrameworksBuildPhase;
			buildActionMask = 2147483647;
			files = (
			);
			runOnlyForDeploymentPostprocessing = 0;
		};
/* End PBXFrameworksBuildPhase section */

/* Begin PBXGroup section */
		C122DC1F1A6E35EA00AD5B00 = {
			isa = PBXGroup;
			children = (
				C122DC2A1A6E35EA00AD5B00 /* practiceTable */,
				C122DC441A6E35EA00AD5B00 /* practiceTableTests */,
				C122DC291A6E35EA00AD5B00 /* Products */,
			);
			sourceTree = "<group>";
		};
		C122DC291A6E35EA00AD5B00 /* Products */ = {
			isa = PBXGroup;
			children = (
				C122DC281A6E35EA00AD5B00 /* practiceTable.app */,
				C122DC411A6E35EA00AD5B00 /* practiceTableTests.xctest */,
			);
			name = Products;
			sourceTree = "<group>";
		};
		C122DC2A1A6E35EA00AD5B00 /* practiceTable */ = {
			isa = PBXGroup;
			children = (
				C122DC2F1A6E35EA00AD5B00 /* AppDelegate.h */,
				C122DC301A6E35EA00AD5B00 /* AppDelegate.m */,
				C122DC321A6E35EA00AD5B00 /* ViewController.h */,
				C122DC331A6E35EA00AD5B00 /* ViewController.m */,
				C122DC511A6E3B1300AD5B00 /* SecondViewController.h */,
				C122DC521A6E3B1300AD5B00 /* SecondViewController.m */,
				C122DC351A6E35EA00AD5B00 /* Main.storyboard */,
				C122DC381A6E35EA00AD5B00 /* Images.xcassets */,
				C122DC3A1A6E35EA00AD5B00 /* LaunchScreen.xib */,
				C122DC2B1A6E35EA00AD5B00 /* Supporting Files */,
			);
			path = practiceTable;
			sourceTree = "<group>";
		};
		C122DC2B1A6E35EA00AD5B00 /* Supporting Files */ = {
			isa = PBXGroup;
			children = (
				C122DC2C1A6E35EA00AD5B00 /* Info.plist */,
				C122DC2D1A6E35EA00AD5B00 /* main.m */,
			);
			name = "Supporting Files";
			sourceTree = "<group>";
		};
		C122DC441A6E35EA00AD5B00 /* practiceTableTests */ = {
			isa = PBXGroup;
			children = (
				C122DC471A6E35EA00AD5B00 /* practiceTableTests.m */,
				C122DC451A6E35EA00AD5B00 /* Supporting Files */,
			);
			path = practiceTableTests;
			sourceTree = "<group>";
		};
		C122DC451A6E35EA00AD5B00 /* Supporting Files */ = {
			isa = PBXGroup;
			children = (
				C122DC461A6E35EA00AD5B00 /* Info.plist */,
			);
			name = "Supporting Files";
			sourceTree = "<group>";
		};
/* End PBXGroup section */

/* Begin PBXNativeTarget section */
		C122DC271A6E35EA00AD5B00 /* practiceTable */ = {
			isa = PBXNativeTarget;
			buildConfigurationList = C122DC4B1A6E35EA00AD5B00 /* Build configuration list for PBXNativeTarget "practiceTable" */;
			buildPhases = (
				C122DC241A6E35EA00AD5B00 /* Sources */,
				C122DC251A6E35EA00AD5B00 /* Frameworks */,
				C122DC261A6E35EA00AD5B00 /* Resources */,
			);
			buildRules = (
			);
			dependencies = (
			);
			name = practiceTable;
			productName = practiceTable;
			productReference = C122DC281A6E35EA00AD5B00 /* practiceTable.app */;
			productType = "com.apple.product-type.application";
		};
		C122DC401A6E35EA00AD5B00 /* practiceTableTests */ = {
			isa = PBXNativeTarget;
			buildConfigurationList = C122DC4E1A6E35EA00AD5B00 /* Build configuration list for PBXNativeTarget "practiceTableTests" */;
			buildPhases = (
				C122DC3D1A6E35EA00AD5B00 /* Sources */,
				C122DC3E1A6E35EA00AD5B00 /* Frameworks */,
				C122DC3F1A6E35EA00AD5B00 /* Resources */,
			);
			buildRules = (
			);
			dependencies = (
				C122DC431A6E35EA00AD5B00 /* PBXTargetDependency */,
			);
			name = practiceTableTests;
			productName = practiceTableTests;
			productReference = C122DC411A6E35EA00AD5B00 /* practiceTableTests.xctest */;
			productType = "com.apple.product-type.bundle.unit-test";
		};
/* End PBXNativeTarget section */

/* Begin PBXProject section */
		C122DC201A6E35EA00AD5B00 /* Project object */ = {
			isa = PBXProject;
			attributes = {
				LastUpgradeCheck = 0610;
				ORGANIZATIONNAME = msd;
				TargetAttributes = {
					C122DC271A6E35EA00AD5B00 = {
						CreatedOnToolsVersion = 6.1;
					};
					C122DC401A6E35EA00AD5B00 = {
						CreatedOnToolsVersion = 6.1;
						TestTargetID = C122DC271A6E35EA00AD5B00;
					};
				};
			};
			buildConfigurationList = C122DC231A6E35EA00AD5B00 /* Build configuration list for PBXProject "practiceTable" */;
			compatibilityVersion = "Xcode 3.2";
			developmentRegion = English;
			hasScannedForEncodings = 0;
			knownRegions = (
				en,
				Base,
			);
			mainGroup = C122DC1F1A6E35EA00AD5B00;
			productRefGroup = C122DC291A6E35EA00AD5B00 /* Products */;
			projectDirPath = "";
			projectRoot = "";
			targets = (
				C122DC271A6E35EA00AD5B00 /* practiceTable */,
				C122DC401A6E35EA00AD5B00 /* practiceTableTests */,
			);
		};
/* End PBXProject section */

/* Begin PBXResourcesBuildPhase section */
		C122DC261A6E35EA00AD5B00 /* Resources */ = {
			isa = PBXResourcesBuildPhase;
			buildActionMask = 2147483647;
			files = (
				C122DC371A6E35EA00AD5B00 /* Main.storyboard in Resources */,
				C122DC3C1A6E35EA00AD5B00 /* LaunchScreen.xib in Resources */,
				C122DC391A6E35EA00AD5B00 /* Images.xcassets in Resources */,
			);
			runOnlyForDeploymentPostprocessing = 0;
		};
		C122DC3F1A6E35EA00AD5B00 /* Resources */ = {
			isa = PBXResourcesBuildPhase;
			buildActionMask = 2147483647;
			files = (
			);
			runOnlyForDeploymentPostprocessing = 0;
		};
/* End PBXResourcesBuildPhase section */

/* Begin PBXSourcesBuildPhase section */
		C122DC241A6E35EA00AD5B00 /* Sources */ = {
			isa = PBXSourcesBuildPhase;
			buildActionMask = 2147483647;
			files = (
				C122DC531A6E3B1300AD5B00 /* SecondViewController.m in Sources */,
				C122DC341A6E35EA00AD5B00 /* ViewController.m in Sources */,
				C122DC311A6E35EA00AD5B00 /* AppDelegate.m in Sources */,
				C122DC2E1A6E35EA00AD5B00 /* main.m in Sources */,
			);
			runOnlyForDeploymentPostprocessing = 0;
		};
		C122DC3D1A6E35EA00AD5B00 /* Sources */ = {
			isa = PBXSourcesBuildPhase;
			buildActionMask = 2147483647;
			files = (
				C122DC481A6E35EA00AD5B00 /* practiceTableTests.m in Sources */,
			);
			runOnlyForDeploymentPostprocessing = 0;
		};
/* End PBXSourcesBuildPhase section */

/* Begin PBXTargetDependency section */
		C122DC431A6E35EA00AD5B00 /* PBXTargetDependency */ = {
			isa = PBXTargetDependency;
			target = C122DC271A6E35EA00AD5B00 /* practiceTable */;
			targetProxy = C122DC421A6E35EA00AD5B00 /* PBXContainerItemProxy */;
		};
/* End PBXTargetDependency section */

/* Begin PBXVariantGroup section */
		C122DC351A6E35EA00AD5B00 /* Main.storyboard */ = {
			isa = PBXVariantGroup;
			children = (
				C122DC361A6E35EA00AD5B00 /* Base */,
			);
			name = Main.storyboard;
			sourceTree = "<group>";
		};
		C122DC3A1A6E35EA00AD5B00 /* LaunchScreen.xib */ = {
			isa = PBXVariantGroup;
			children = (
				C122DC3B1A6E35EA00AD5B00 /* Base */,
			);
			name = LaunchScreen.xib;
			sourceTree = "<group>";
		};
/* End PBXVariantGroup section */

/* Begin XCBuildConfiguration section */
		C122DC491A6E35EA00AD5B00 /* Debug */ = {
			isa = XCBuildConfiguration;
			buildSettings = {
				ALWAYS_SEARCH_USER_PATHS = NO;
				CLANG_CXX_LANGUAGE_STANDARD = "gnu++0x";
				CLANG_CXX_LIBRARY = "libc++";
				CLANG_ENABLE_MODULES = YES;
				CLANG_ENABLE_OBJC_ARC = YES;
				CLANG_WARN_BOOL_CONVERSION = YES;
				CLANG_WARN_CONSTANT_CONVERSION = YES;
				CLANG_WARN_DIRECT_OBJC_ISA_USAGE = YES_ERROR;
				CLANG_WARN_EMPTY_BODY = YES;
				CLANG_WARN_ENUM_CONVERSION = YES;
				CLANG_WARN_INT_CONVERSION = YES;
				CLANG_WARN_OBJC_ROOT_CLASS = YES_ERROR;
				CLANG_WARN_UNREACHABLE_CODE = YES;
				CLANG_WARN__DUPLICATE_METHOD_MATCH = YES;
				"CODE_SIGN_IDENTITY[sdk=iphoneos*]" = "iPhone Developer";
				COPY_PHASE_STRIP = NO;
				ENABLE_STRICT_OBJC_MSGSEND = YES;
				GCC_C_LANGUAGE_STANDARD = gnu99;
				GCC_DYNAMIC_NO_PIC = NO;
				GCC_OPTIMIZATION_LEVEL = 0;
				GCC_PREPROCESSOR_DEFINITIONS = (
					"DEBUG=1",
					"$(inherited)",
				);
				GCC_SYMBOLS_PRIVATE_EXTERN = NO;
				GCC_WARN_64_TO_32_BIT_CONVERSION = YES;
				GCC_WARN_ABOUT_RETURN_TYPE = YES_ERROR;
				GCC_WARN_UNDECLARED_SELECTOR = YES;
				GCC_WARN_UNINITIALIZED_AUTOS = YES_AGGRESSIVE;
				GCC_WARN_UNUSED_FUNCTION = YES;
				GCC_WARN_UNUSED_VARIABLE = YES;
				IPHONEOS_DEPLOYMENT_TARGET = 8.1;
				MTL_ENABLE_DEBUG_INFO = YES;
				ONLY_ACTIVE_ARCH = YES;
				SDKROOT = iphoneos;
			};
			name = Debug;
		};
		C122DC4A1A6E35EA00AD5B00 /* Release */ = {
			isa = XCBuildConfiguration;
			buildSettings = {
				ALWAYS_SEARCH_USER_PATHS = NO;
				CLANG_CXX_LANGUAGE_STANDARD = "gnu++0x";
				CLANG_CXX_LIBRARY = "libc++";
				CLANG_ENABLE_MODULES = YES;
				CLANG_ENABLE_OBJC_ARC = YES;
				CLANG_WARN_BOOL_CONVERSION = YES;
				CLANG_WARN_CONSTANT_CONVERSION = YES;
				CLANG_WARN_DIRECT_OBJC_ISA_USAGE = YES_ERROR;
				CLANG_WARN_EMPTY_BODY = YES;
				CLANG_WARN_ENUM_CONVERSION = YES;
				CLANG_WARN_INT_CONVERSION = YES;
				CLANG_WARN_OBJC_ROOT_CLASS = YES_ERROR;
				CLANG_WARN_UNREACHABLE_CODE = YES;
				CLANG_WARN__DUPLICATE_METHOD_MATCH = YES;
				"CODE_SIGN_IDENTITY[sdk=iphoneos*]" = "iPhone Developer";
				COPY_PHASE_STRIP = YES;
				ENABLE_NS_ASSERTIONS = NO;
				ENABLE_STRICT_OBJC_MSGSEND = YES;
				GCC_C_LANGUAGE_STANDARD = gnu99;
				GCC_WARN_64_TO_32_BIT_CONVERSION = YES;
				GCC_WARN_ABOUT_RETURN_TYPE = YES_ERROR;
				GCC_WARN_UNDECLARED_SELECTOR = YES;
				GCC_WARN_UNINITIALIZED_AUTOS = YES_AGGRESSIVE;
				GCC_WARN_UNUSED_FUNCTION = YES;
				GCC_WARN_UNUSED_VARIABLE = YES;
				IPHONEOS_DEPLOYMENT_TARGET = 8.1;
				MTL_ENABLE_DEBUG_INFO = NO;
				SDKROOT = iphoneos;
				VALIDATE_PRODUCT = YES;
			};
			name = Release;
		};
		C122DC4C1A6E35EA00AD5B00 /* Debug */ = {
			isa = XCBuildConfiguration;
			buildSettings = {
				ASSETCATALOG_COMPILER_APPICON_NAME = AppIcon;
				INFOPLIST_FILE = practiceTable/Info.plist;
				LD_RUNPATH_SEARCH_PATHS = "$(inherited) @executable_path/Frameworks";
				PRODUCT_NAME = "$(TARGET_NAME)";
			};
			name = Debug;
		};
		C122DC4D1A6E35EA00AD5B00 /* Release */ = {
			isa = XCBuildConfiguration;
			buildSettings = {
				ASSETCATALOG_COMPILER_APPICON_NAME = AppIcon;
				INFOPLIST_FILE = practiceTable/Info.plist;
				LD_RUNPATH_SEARCH_PATHS = "$(inherited) @executable_path/Frameworks";
				PRODUCT_NAME = "$(TARGET_NAME)";
			};
			name = Release;
		};
		C122DC4F1A6E35EA00AD5B00 /* Debug */ = {
			isa = XCBuildConfiguration;
			buildSettings = {
				BUNDLE_LOADER = "$(TEST_HOST)";
				FRAMEWORK_SEARCH_PATHS = (
					"$(SDKROOT)/Developer/Library/Frameworks",
					"$(inherited)",
				);
				GCC_PREPROCESSOR_DEFINITIONS = (
					"DEBUG=1",
					"$(inherited)",
				);
				INFOPLIST_FILE = practiceTableTests/Info.plist;
				LD_RUNPATH_SEARCH_PATHS = "$(inherited) @executable_path/Frameworks @loader_path/Frameworks";
				PRODUCT_NAME = "$(TARGET_NAME)";
				TEST_HOST = "$(BUILT_PRODUCTS_DIR)/practiceTable.app/practiceTable";
			};
			name = Debug;
		};
		C122DC501A6E35EA00AD5B00 /* Release */ = {
			isa = XCBuildConfiguration;
			buildSettings = {
				BUNDLE_LOADER = "$(TEST_HOST)";
				FRAMEWORK_SEARCH_PATHS = (
					"$(SDKROOT)/Developer/Library/Frameworks",
					"$(inherited)",
				);
				INFOPLIST_FILE = practiceTableTests/Info.plist;
				LD_RUNPATH_SEARCH_PATHS = "$(inherited) @executable_path/Frameworks @loader_path/Frameworks";
				PRODUCT_NAME = "$(TARGET_NAME)";
				TEST_HOST = "$(BUILT_PRODUCTS_DIR)/practiceTable.app/practiceTable";
			};
			name = Release;
		};
/* End XCBuildConfiguration section */

/* Begin XCConfigurationList section */
		C122DC231A6E35EA00AD5B00 /* Build configuration list for PBXProject "practiceTable" */ = {
			isa = XCConfigurationList;
			buildConfigurations = (
				C122DC491A6E35EA00AD5B00 /* Debug */,
				C122DC4A1A6E35EA00AD5B00 /* Release */,
			);
			defaultConfigurationIsVisible = 0;
			defaultConfigurationName = Release;
		};
		C122DC4B1A6E35EA00AD5B00 /* Build configuration list for PBXNativeTarget "practiceTable" */ = {
			isa = XCConfigurationList;
			buildConfigurations = (
				C122DC4C1A6E35EA00AD5B00 /* Debug */,
				C122DC4D1A6E35EA00AD5B00 /* Release */,
			);
			defaultConfigurationIsVisible = 0;
		};
		C122DC4E1A6E35EA00AD5B00 /* Build configuration list for PBXNativeTarget "practiceTableTests" */ = {
			isa = XCConfigurationList;
			buildConfigurations = (
				C122DC4F1A6E35EA00AD5B00 /* Debug */,
				C122DC501A6E35EA00AD5B00 /* Release */,
			);
			defaultConfigurationIsVisible = 0;
		};
/* End XCConfigurationList section */
	};
	rootObject = C122DC201A6E35EA00AD5B00 /* Project object */;
}
